// !$*UTF8*$!
{
	archiveVersion = 1;
	classes = {
	};
	objectVersion = 46;
	objects = {

/* Begin PBXBuildFile section */
		07A34B441E933FC2003BDB8A /* AppDelegate.swift in Sources */ = {isa = PBXBuildFile; fileRef = 07A34B431E933FC2003BDB8A /* AppDelegate.swift */; };
		07A34B461E933FC2003BDB8A /* ViewController.swift in Sources */ = {isa = PBXBuildFile; fileRef = 07A34B451E933FC2003BDB8A /* ViewController.swift */; };
		07A34B491E933FC3003BDB8A /* Main.storyboard in Resources */ = {isa = PBXBuildFile; fileRef = 07A34B471E933FC3003BDB8A /* Main.storyboard */; };
		07A34B4B1E933FC3003BDB8A /* Assets.xcassets in Resources */ = {isa = PBXBuildFile; fileRef = 07A34B4A1E933FC3003BDB8A /* Assets.xcassets */; };
		07A34B4E1E933FC3003BDB8A /* LaunchScreen.storyboard in Resources */ = {isa = PBXBuildFile; fileRef = 07A34B4C1E933FC3003BDB8A /* LaunchScreen.storyboard */; };
		07A34B591E933FC3003BDB8A /* LoginGuildeTests.swift in Sources */ = {isa = PBXBuildFile; fileRef = 07A34B581E933FC3003BDB8A /* LoginGuildeTests.swift */; };
		07A34B641E933FC3003BDB8A /* LoginGuildeUITests.swift in Sources */ = {isa = PBXBuildFile; fileRef = 07A34B631E933FC3003BDB8A /* LoginGuildeUITests.swift */; };
		07F88AE21E938EC40032BECE /* PageCell.swift in Sources */ = {isa = PBXBuildFile; fileRef = 07F88AE11E938EC40032BECE /* PageCell.swift */; };
		07F88AE41E93A15C0032BECE /* Page.swift in Sources */ = {isa = PBXBuildFile; fileRef = 07F88AE31E93A15C0032BECE /* Page.swift */; };
/* End PBXBuildFile section */

/* Begin PBXContainerItemProxy section */
		07A34B551E933FC3003BDB8A /* PBXContainerItemProxy */ = {
			isa = PBXContainerItemProxy;
			containerPortal = 07A34B381E933FC2003BDB8A /* Project object */;
			proxyType = 1;
			remoteGlobalIDString = 07A34B3F1E933FC2003BDB8A;
			remoteInfo = LoginGuilde;
		};
		07A34B601E933FC3003BDB8A /* PBXContainerItemProxy */ = {
			isa = PBXContainerItemProxy;
			containerPortal = 07A34B381E933FC2003BDB8A /* Project object */;
			proxyType = 1;
			remoteGlobalIDString = 07A34B3F1E933FC2003BDB8A;
			remoteInfo = LoginGuilde;
		};
/* End PBXContainerItemProxy section */

/* Begin PBXFileReference section */
		07A34B401E933FC2003BDB8A /* LoginGuilde.app */ = {isa = PBXFileReference; explicitFileType = wrapper.application; includeInIndex = 0; path = LoginGuilde.app; sourceTree = BUILT_PRODUCTS_DIR; };
		07A34B431E933FC2003BDB8A /* AppDelegate.swift */ = {isa = PBXFileReference; lastKnownFileType = sourcecode.swift; path = AppDelegate.swift; sourceTree = "<group>"; };
		07A34B451E933FC2003BDB8A /* ViewController.swift */ = {isa = PBXFileReference; lastKnownFileType = sourcecode.swift; path = ViewController.swift; sourceTree = "<group>"; };
		07A34B481E933FC3003BDB8A /* Base */ = {isa = PBXFileReference; lastKnownFileType = file.storyboard; name = Base; path = Base.lproj/Main.storyboard; sourceTree = "<group>"; };
		07A34B4A1E933FC3003BDB8A /* Assets.xcassets */ = {isa = PBXFileReference; lastKnownFileType = folder.assetcatalog; path = Assets.xcassets; sourceTree = "<group>"; };
		07A34B4D1E933FC3003BDB8A /* Base */ = {isa = PBXFileReference; lastKnownFileType = file.storyboard; name = Base; path = Base.lproj/LaunchScreen.storyboard; sourceTree = "<group>"; };
		07A34B4F1E933FC3003BDB8A /* Info.plist */ = {isa = PBXFileReference; lastKnownFileType = text.plist.xml; path = Info.plist; sourceTree = "<group>"; };
		07A34B541E933FC3003BDB8A /* LoginGuildeTests.xctest */ = {isa = PBXFileReference; explicitFileType = wrapper.cfbundle; includeInIndex = 0; path = LoginGuildeTests.xctest; sourceTree = BUILT_PRODUCTS_DIR; };
		07A34B581E933FC3003BDB8A /* LoginGuildeTests.swift */ = {isa = PBXFileReference; lastKnownFileType = sourcecode.swift; path = LoginGuildeTests.swift; sourceTree = "<group>"; };
		07A34B5A1E933FC3003BDB8A /* Info.plist */ = {isa = PBXFileReference; lastKnownFileType = text.plist.xml; path = Info.plist; sourceTree = "<group>"; };
		07A34B5F1E933FC3003BDB8A /* LoginGuildeUITests.xctest */ = {isa = PBXFileReference; explicitFileType = wrapper.cfbundle; includeInIndex = 0; path = LoginGuildeUITests.xctest; sourceTree = BUILT_PRODUCTS_DIR; };
		07A34B631E933FC3003BDB8A /* LoginGuildeUITests.swift */ = {isa = PBXFileReference; lastKnownFileType = sourcecode.swift; path = LoginGuildeUITests.swift; sourceTree = "<group>"; };
		07A34B651E933FC3003BDB8A /* Info.plist */ = {isa = PBXFileReference; lastKnownFileType = text.plist.xml; path = Info.plist; sourceTree = "<group>"; };
		07F88AE11E938EC40032BECE /* PageCell.swift */ = {isa = PBXFileReference; fileEncoding = 4; lastKnownFileType = sourcecode.swift; path = PageCell.swift; sourceTree = "<group>"; };
		07F88AE31E93A15C0032BECE /* Page.swift */ = {isa = PBXFileReference; fileEncoding = 4; lastKnownFileType = sourcecode.swift; path = Page.swift; sourceTree = "<group>"; };
/* End PBXFileReference section */

/* Begin PBXFrameworksBuildPhase section */
		07A34B3D1E933FC2003BDB8A /* Frameworks */ = {
			isa = PBXFrameworksBuildPhase;
			buildActionMask = 2147483647;
			files = (
			);
			runOnlyForDeploymentPostprocessing = 0;
		};
		07A34B511E933FC3003BDB8A /* Frameworks */ = {
			isa = PBXFrameworksBuildPhase;
			buildActionMask = 2147483647;
			files = (
			);
			runOnlyForDeploymentPostprocessing = 0;
		};
		07A34B5C1E933FC3003BDB8A /* Frameworks */ = {
			isa = PBXFrameworksBuildPhase;
			buildActionMask = 2147483647;
			files = (
			);
			runOnlyForDeploymentPostprocessing = 0;
		};
/* End PBXFrameworksBuildPhase section */

/* Begin PBXGroup section */
		07A34B371E933FC2003BDB8A = {
			isa = PBXGroup;
			children = (
				07A34B421E933FC2003BDB8A /* LoginGuilde */,
				07A34B571E933FC3003BDB8A /* LoginGuildeTests */,
				07A34B621E933FC3003BDB8A /* LoginGuildeUITests */,
				07A34B411E933FC2003BDB8A /* Products */,
			);
			sourceTree = "<group>";
		};
		07A34B411E933FC2003BDB8A /* Products */ = {
			isa = PBXGroup;
			children = (
				07A34B401E933FC2003BDB8A /* LoginGuilde.app */,
				07A34B541E933FC3003BDB8A /* LoginGuildeTests.xctest */,
				07A34B5F1E933FC3003BDB8A /* LoginGuildeUITests.xctest */,
			);
			name = Products;
			sourceTree = "<group>";
		};
		07A34B421E933FC2003BDB8A /* LoginGuilde */ = {
			isa = PBXGroup;
			children = (
				07A34B431E933FC2003BDB8A /* AppDelegate.swift */,
				07A34B451E933FC2003BDB8A /* ViewController.swift */,
				07F88AE11E938EC40032BECE /* PageCell.swift */,
				07F88AE31E93A15C0032BECE /* Page.swift */,
				07A34B471E933FC3003BDB8A /* Main.storyboard */,
				07A34B4A1E933FC3003BDB8A /* Assets.xcassets */,
				07A34B4C1E933FC3003BDB8A /* LaunchScreen.storyboard */,
				07A34B4F1E933FC3003BDB8A /* Info.plist */,
			);
			path = LoginGuilde;
			sourceTree = "<group>";
		};
		07A34B571E933FC3003BDB8A /* LoginGuildeTests */ = {
			isa = PBXGroup;
			children = (
				07A34B581E933FC3003BDB8A /* LoginGuildeTests.swift */,
				07A34B5A1E933FC3003BDB8A /* Info.plist */,
			);
			path = LoginGuildeTests;
			sourceTree = "<group>";
		};
		07A34B621E933FC3003BDB8A /* LoginGuildeUITests */ = {
			isa = PBXGroup;
			children = (
				07A34B631E933FC3003BDB8A /* LoginGuildeUITests.swift */,
				07A34B651E933FC3003BDB8A /* Info.plist */,
			);
			path = LoginGuildeUITests;
			sourceTree = "<group>";
		};
/* End PBXGroup section */

/* Begin PBXNativeTarget section */
		07A34B3F1E933FC2003BDB8A /* LoginGuilde */ = {
			isa = PBXNativeTarget;
			buildConfigurationList = 07A34B681E933FC3003BDB8A /* Build configuration list for PBXNativeTarget "LoginGuilde" */;
			buildPhases = (
				07A34B3C1E933FC2003BDB8A /* Sources */,
				07A34B3D1E933FC2003BDB8A /* Frameworks */,
				07A34B3E1E933FC2003BDB8A /* Resources */,
			);
			buildRules = (
			);
			dependencies = (
			);
			name = LoginGuilde;
			productName = LoginGuilde;
			productReference = 07A34B401E933FC2003BDB8A /* LoginGuilde.app */;
			productType = "com.apple.product-type.application";
		};
		07A34B531E933FC3003BDB8A /* LoginGuildeTests */ = {
			isa = PBXNativeTarget;
			buildConfigurationList = 07A34B6B1E933FC3003BDB8A /* Build configuration list for PBXNativeTarget "LoginGuildeTests" */;
			buildPhases = (
				07A34B501E933FC3003BDB8A /* Sources */,
				07A34B511E933FC3003BDB8A /* Frameworks */,
				07A34B521E933FC3003BDB8A /* Resources */,
			);
			buildRules = (
			);
			dependencies = (
				07A34B561E933FC3003BDB8A /* PBXTargetDependency */,
			);
			name = LoginGuildeTests;
			productName = LoginGuildeTests;
			productReference = 07A34B541E933FC3003BDB8A /* LoginGuildeTests.xctest */;
			productType = "com.apple.product-type.bundle.unit-test";
		};
		07A34B5E1E933FC3003BDB8A /* LoginGuildeUITests */ = {
			isa = PBXNativeTarget;
			buildConfigurationList = 07A34B6E1E933FC3003BDB8A /* Build configuration list for PBXNativeTarget "LoginGuildeUITests" */;
			buildPhases = (
				07A34B5B1E933FC3003BDB8A /* Sources */,
				07A34B5C1E933FC3003BDB8A /* Frameworks */,
				07A34B5D1E933FC3003BDB8A /* Resources */,
			);
			buildRules = (
			);
			dependencies = (
				07A34B611E933FC3003BDB8A /* PBXTargetDependency */,
			);
			name = LoginGuildeUITests;
			productName = LoginGuildeUITests;
			productReference = 07A34B5F1E933FC3003BDB8A /* LoginGuildeUITests.xctest */;
			productType = "com.apple.product-type.bundle.ui-testing";
		};
/* End PBXNativeTarget section */

/* Begin PBXProject section */
		07A34B381E933FC2003BDB8A /* Project object */ = {
			isa = PBXProject;
			attributes = {
				LastSwiftUpdateCheck = 0830;
				LastUpgradeCheck = 0830;
				ORGANIZATIONNAME = ThangLQ;
				TargetAttributes = {
					07A34B3F1E933FC2003BDB8A = {
						CreatedOnToolsVersion = 8.3;
						ProvisioningStyle = Automatic;
					};
					07A34B531E933FC3003BDB8A = {
						CreatedOnToolsVersion = 8.3;
						ProvisioningStyle = Automatic;
						TestTargetID = 07A34B3F1E933FC2003BDB8A;
					};
					07A34B5E1E933FC3003BDB8A = {
						CreatedOnToolsVersion = 8.3;
						ProvisioningStyle = Automatic;
						TestTargetID = 07A34B3F1E933FC2003BDB8A;
					};
				};
			};
			buildConfigurationList = 07A34B3B1E933FC2003BDB8A /* Build configuration list for PBXProject "LoginGuilde" */;
			compatibilityVersion = "Xcode 3.2";
			developmentRegion = English;
			hasScannedForEncodings = 0;
			knownRegions = (
				en,
				Base,
			);
			mainGroup = 07A34B371E933FC2003BDB8A;
			productRefGroup = 07A34B411E933FC2003BDB8A /* Products */;
			projectDirPath = "";
			projectRoot = "";
			targets = (
				07A34B3F1E933FC2003BDB8A /* LoginGuilde */,
				07A34B531E933FC3003BDB8A /* LoginGuildeTests */,
				07A34B5E1E933FC3003BDB8A /* LoginGuildeUITests */,
			);
		};
/* End PBXProject section */

/* Begin PBXResourcesBuildPhase section */
		07A34B3E1E933FC2003BDB8A /* Resources */ = {
			isa = PBXResourcesBuildPhase;
			buildActionMask = 2147483647;
			files = (
				07A34B4E1E933FC3003BDB8A /* LaunchScreen.storyboard in Resources */,
				07A34B4B1E933FC3003BDB8A /* Assets.xcassets in Resources */,
				07A34B491E933FC3003BDB8A /* Main.storyboard in Resources */,
			);
			runOnlyForDeploymentPostprocessing = 0;
		};
		07A34B521E933FC3003BDB8A /* Resources */ = {
			isa = PBXResourcesBuildPhase;
			buildActionMask = 2147483647;
			files = (
			);
			runOnlyForDeploymentPostprocessing = 0;
		};
		07A34B5D1E933FC3003BDB8A /* Resources */ = {
			isa = PBXResourcesBuildPhase;
			buildActionMask = 2147483647;
			files = (
			);
			runOnlyForDeploymentPostprocessing = 0;
		};
/* End PBXResourcesBuildPhase section */

/* Begin PBXSourcesBuildPhase section */
		07A34B3C1E933FC2003BDB8A /* Sources */ = {
			isa = PBXSourcesBuildPhase;
			buildActionMask = 2147483647;
			files = (
				07A34B461E933FC2003BDB8A /* ViewController.swift in Sources */,
				07A34B441E933FC2003BDB8A /* AppDelegate.swift in Sources */,
				07F88AE41E93A15C0032BECE /* Page.swift in Sources */,
				07F88AE21E938EC40032BECE /* PageCell.swift in Sources */,
			);
			runOnlyForDeploymentPostprocessing = 0;
		};
		07A34B501E933FC3003BDB8A /* Sources */ = {
			isa = PBXSourcesBuildPhase;
			buildActionMask = 2147483647;
			files = (
				07A34B591E933FC3003BDB8A /* LoginGuildeTests.swift in Sources */,
			);
			runOnlyForDeploymentPostprocessing = 0;
		};
		07A34B5B1E933FC3003BDB8A /* Sources */ = {
			isa = PBXSourcesBuildPhase;
			buildActionMask = 2147483647;
			files = (
				07A34B641E933FC3003BDB8A /* LoginGuildeUITests.swift in Sources */,
			);
			runOnlyForDeploymentPostprocessing = 0;
		};
/* End PBXSourcesBuildPhase section */

/* Begin PBXTargetDependency section */
		07A34B561E933FC3003BDB8A /* PBXTargetDependency */ = {
			isa = PBXTargetDependency;
			target = 07A34B3F1E933FC2003BDB8A /* LoginGuilde */;
			targetProxy = 07A34B551E933FC3003BDB8A /* PBXContainerItemProxy */;
		};
		07A34B611E933FC3003BDB8A /* PBXTargetDependency */ = {
			isa = PBXTargetDependency;
			target = 07A34B3F1E933FC2003BDB8A /* LoginGuilde */;
			targetProxy = 07A34B601E933FC3003BDB8A /* PBXContainerItemProxy */;
		};
/* End PBXTargetDependency section */

/* Begin PBXVariantGroup section */
		07A34B471E933FC3003BDB8A /* Main.storyboard */ = {
			isa = PBXVariantGroup;
			children = (
				07A34B481E933FC3003BDB8A /* Base */,
			);
			name = Main.storyboard;
			sourceTree = "<group>";
		};
		07A34B4C1E933FC3003BDB8A /* LaunchScreen.storyboard */ = {
			isa = PBXVariantGroup;
			children = (
				07A34B4D1E933FC3003BDB8A /* Base */,
			);
			name = LaunchScreen.storyboard;
			sourceTree = "<group>";
		};
/* End PBXVariantGroup section */

/* Begin XCBuildConfiguration section */
		07A34B661E933FC3003BDB8A /* Debug */ = {
			isa = XCBuildConfiguration;
			buildSettings = {
				ALWAYS_SEARCH_USER_PATHS = NO;
				CLANG_ANALYZER_NONNULL = YES;
				CLANG_ANALYZER_NUMBER_OBJECT_CONVERSION = YES_AGGRESSIVE;
				CLANG_CXX_LANGUAGE_STANDARD = "gnu++0x";
				CLANG_CXX_LIBRARY = "libc++";
				CLANG_ENABLE_MODULES = YES;
				CLANG_ENABLE_OBJC_ARC = YES;
				CLANG_WARN_BOOL_CONVERSION = YES;
				CLANG_WARN_CONSTANT_CONVERSION = YES;
				CLANG_WARN_DIRECT_OBJC_ISA_USAGE = YES_ERROR;
				CLANG_WARN_DOCUMENTATION_COMMENTS = YES;
				CLANG_WARN_EMPTY_BODY = YES;
				CLANG_WARN_ENUM_CONVERSION = YES;
				CLANG_WARN_INFINITE_RECURSION = YES;
				CLANG_WARN_INT_CONVERSION = YES;
				CLANG_WARN_OBJC_ROOT_CLASS = YES_ERROR;
				CLANG_WARN_SUSPICIOUS_MOVE = YES;
				CLANG_WARN_UNREACHABLE_CODE = YES;
				CLANG_WARN__DUPLICATE_METHOD_MATCH = YES;
				"CODE_SIGN_IDENTITY[sdk=iphoneos*]" = "iPhone Developer";
				COPY_PHASE_STRIP = NO;
				DEBUG_INFORMATION_FORMAT = dwarf;
				ENABLE_STRICT_OBJC_MSGSEND = YES;
				ENABLE_TESTABILITY = YES;
				GCC_C_LANGUAGE_STANDARD = gnu99;
				GCC_DYNAMIC_NO_PIC = NO;
				GCC_NO_COMMON_BLOCKS = YES;
				GCC_OPTIMIZATION_LEVEL = 0;
				GCC_PREPROCESSOR_DEFINITIONS = (
					"DEBUG=1",
					"$(inherited)",
				);
				GCC_WARN_64_TO_32_BIT_CONVERSION = YES;
				GCC_WARN_ABOUT_RETURN_TYPE = YES_ERROR;
				GCC_WARN_UNDECLARED_SELECTOR = YES;
				GCC_WARN_UNINITIALIZED_AUTOS = YES_AGGRESSIVE;
				GCC_WARN_UNUSED_FUNCTION = YES;
				GCC_WARN_UNUSED_VARIABLE = YES;
				IPHONEOS_DEPLOYMENT_TARGET = 10.3;
				MTL_ENABLE_DEBUG_INFO = YES;
				ONLY_ACTIVE_ARCH = YES;
				SDKROOT = iphoneos;
				SWIFT_ACTIVE_COMPILATION_CONDITIONS = DEBUG;
				SWIFT_OPTIMIZATION_LEVEL = "-Onone";
				TARGETED_DEVICE_FAMILY = "1,2";
			};
			name = Debug;
		};
		07A34B671E933FC3003BDB8A /* Release */ = {
			isa = XCBuildConfiguration;
			buildSettings = {
				ALWAYS_SEARCH_USER_PATHS = NO;
				CLANG_ANALYZER_NONNULL = YES;
				CLANG_ANALYZER_NUMBER_OBJECT_CONVERSION = YES_AGGRESSIVE;
				CLANG_CXX_LANGUAGE_STANDARD = "gnu++0x";
				CLANG_CXX_LIBRARY = "libc++";
				CLANG_ENABLE_MODULES = YES;
				CLANG_ENABLE_OBJC_ARC = YES;
				CLANG_WARN_BOOL_CONVERSION = YES;
				CLANG_WARN_CONSTANT_CONVERSION = YES;
				CLANG_WARN_DIRECT_OBJC_ISA_USAGE = YES_ERROR;
				CLANG_WARN_DOCUMENTATION_COMMENTS = YES;
				CLANG_WARN_EMPTY_BODY = YES;
				CLANG_WARN_ENUM_CONVERSION = YES;
				CLANG_WARN_INFINITE_RECURSION = YES;
				CLANG_WARN_INT_CONVERSION = YES;
				CLANG_WARN_OBJC_ROOT_CLASS = YES_ERROR;
				CLANG_WARN_SUSPICIOUS_MOVE = YES;
				CLANG_WARN_UNREACHABLE_CODE = YES;
				CLANG_WARN__DUPLICATE_METHOD_MATCH = YES;
				"CODE_SIGN_IDENTITY[sdk=iphoneos*]" = "iPhone Developer";
				COPY_PHASE_STRIP = NO;
				DEBUG_INFORMATION_FORMAT = "dwarf-with-dsym";
				ENABLE_NS_ASSERTIONS = NO;
				ENABLE_STRICT_OBJC_MSGSEND = YES;
				GCC_C_LANGUAGE_STANDARD = gnu99;
				GCC_NO_COMMON_BLOCKS = YES;
				GCC_WARN_64_TO_32_BIT_CONVERSION = YES;
				GCC_WARN_ABOUT_RETURN_TYPE = YES_ERROR;
				GCC_WARN_UNDECLARED_SELECTOR = YES;
				GCC_WARN_UNINITIALIZED_AUTOS = YES_AGGRESSIVE;
				GCC_WARN_UNUSED_FUNCTION = YES;
				GCC_WARN_UNUSED_VARIABLE = YES;
				IPHONEOS_DEPLOYMENT_TARGET = 10.3;
				MTL_ENABLE_DEBUG_INFO = NO;
				SDKROOT = iphoneos;
				SWIFT_OPTIMIZATION_LEVEL = "-Owholemodule";
				TARGETED_DEVICE_FAMILY = "1,2";
				VALIDATE_PRODUCT = YES;
			};
			name = Release;
		};
		07A34B691E933FC3003BDB8A /* Debug */ = {
			isa = XCBuildConfiguration;
			buildSettings = {
				ASSETCATALOG_COMPILER_APPICON_NAME = AppIcon;
				INFOPLIST_FILE = LoginGuilde/Info.plist;
				LD_RUNPATH_SEARCH_PATHS = "$(inherited) @executable_path/Frameworks";
				PRODUCT_BUNDLE_IDENTIFIER = codepro.LoginGuilde;
				PRODUCT_NAME = "$(TARGET_NAME)";
				SWIFT_VERSION = 3.0;
			};
			name = Debug;
		};
		07A34B6A1E933FC3003BDB8A /* Release */ = {
			isa = XCBuildConfiguration;
			buildSettings = {
				ASSETCATALOG_COMPILER_APPICON_NAME = AppIcon;
				INFOPLIST_FILE = LoginGuilde/Info.plist;
				LD_RUNPATH_SEARCH_PATHS = "$(inherited) @executable_path/Frameworks";
				PRODUCT_BUNDLE_IDENTIFIER = codepro.LoginGuilde;
				PRODUCT_NAME = "$(TARGET_NAME)";
				SWIFT_VERSION = 3.0;
			};
			name = Release;
		};
		07A34B6C1E933FC3003BDB8A /* Debug */ = {
			isa = XCBuildConfiguration;
			buildSettings = {
				ALWAYS_EMBED_SWIFT_STANDARD_LIBRARIES = YES;
				BUNDLE_LOADER = "$(TEST_HOST)";
				INFOPLIST_FILE = LoginGuildeTests/Info.plist;
				LD_RUNPATH_SEARCH_PATHS = "$(inherited) @executable_path/Frameworks @loader_path/Frameworks";
				PRODUCT_BUNDLE_IDENTIFIER = codepro.LoginGuildeTests;
				PRODUCT_NAME = "$(TARGET_NAME)";
				SWIFT_VERSION = 3.0;
				TEST_HOST = "$(BUILT_PRODUCTS_DIR)/LoginGuilde.app/LoginGuilde";
			};
			name = Debug;
		};
		07A34B6D1E933FC3003BDB8A /* Release */ = {
			isa = XCBuildConfiguration;
			buildSettings = {
				ALWAYS_EMBED_SWIFT_STANDARD_LIBRARIES = YES;
				BUNDLE_LOADER = "$(TEST_HOST)";
				INFOPLIST_FILE = LoginGuildeTests/Info.plist;
				LD_RUNPATH_SEARCH_PATHS = "$(inherited) @executable_path/Frameworks @loader_path/Frameworks";
				PRODUCT_BUNDLE_IDENTIFIER = codepro.LoginGuildeTests;
				PRODUCT_NAME = "$(TARGET_NAME)";
				SWIFT_VERSION = 3.0;
				TEST_HOST = "$(BUILT_PRODUCTS_DIR)/LoginGuilde.app/LoginGuilde";
			};
			name = Release;
		};
		07A34B6F1E933FC3003BDB8A /* Debug */ = {
			isa = XCBuildConfiguration;
			buildSettings = {
				ALWAYS_EMBED_SWIFT_STANDARD_LIBRARIES = YES;
				INFOPLIST_FILE = LoginGuildeUITests/Info.plist;
				LD_RUNPATH_SEARCH_PATHS = "$(inherited) @executable_path/Frameworks @loader_path/Frameworks";
				PRODUCT_BUNDLE_IDENTIFIER = codepro.LoginGuildeUITests;
				PRODUCT_NAME = "$(TARGET_NAME)";
				SWIFT_VERSION = 3.0;
				TEST_TARGET_NAME = LoginGuilde;
			};
			name = Debug;
		};
		07A34B701E933FC3003BDB8A /* Release */ = {
			isa = XCBuildConfiguration;
			buildSettings = {
				ALWAYS_EMBED_SWIFT_STANDARD_LIBRARIES = YES;
				INFOPLIST_FILE = LoginGuildeUITests/Info.plist;
				LD_RUNPATH_SEARCH_PATHS = "$(inherited) @executable_path/Frameworks @loader_path/Frameworks";
				PRODUCT_BUNDLE_IDENTIFIER = codepro.LoginGuildeUITests;
				PRODUCT_NAME = "$(TARGET_NAME)";
				SWIFT_VERSION = 3.0;
				TEST_TARGET_NAME = LoginGuilde;
			};
			name = Release;
		};
/* End XCBuildConfiguration section */

/* Begin XCConfigurationList section */
		07A34B3B1E933FC2003BDB8A /* Build configuration list for PBXProject "LoginGuilde" */ = {
			isa = XCConfigurationList;
			buildConfigurations = (
				07A34B661E933FC3003BDB8A /* Debug */,
				07A34B671E933FC3003BDB8A /* Release */,
			);
			defaultConfigurationIsVisible = 0;
			defaultConfigurationName = Release;
		};
		07A34B681E933FC3003BDB8A /* Build configuration list for PBXNativeTarget "LoginGuilde" */ = {
			isa = XCConfigurationList;
			buildConfigurations = (
				07A34B691E933FC3003BDB8A /* Debug */,
				07A34B6A1E933FC3003BDB8A /* Release */,
			);
			defaultConfigurationIsVisible = 0;
			defaultConfigurationName = Release;
		};
		07A34B6B1E933FC3003BDB8A /* Build configuration list for PBXNativeTarget "LoginGuildeTests" */ = {
			isa = XCConfigurationList;
			buildConfigurations = (
				07A34B6C1E933FC3003BDB8A /* Debug */,
				07A34B6D1E933FC3003BDB8A /* Release */,
			);
			defaultConfigurationIsVisible = 0;
			defaultConfigurationName = Release;
		};
		07A34B6E1E933FC3003BDB8A /* Build configuration list for PBXNativeTarget "LoginGuildeUITests" */ = {
			isa = XCConfigurationList;
			buildConfigurations = (
				07A34B6F1E933FC3003BDB8A /* Debug */,
				07A34B701E933FC3003BDB8A /* Release */,
			);
			defaultConfigurationIsVisible = 0;
			defaultConfigurationName = Release;
		};
/* End XCConfigurationList section */
	};
	rootObject = 07A34B381E933FC2003BDB8A /* Project object */;
}
